// !$*UTF8*$!
{
	archiveVersion = 1;
	classes = {
	};
	objectVersion = 46;
	objects = {

/* Begin PBXBuildFile section */
		287AD9056EB599F1382AFC1C /* libPods.a in Frameworks */ = {isa = PBXBuildFile; fileRef = 983673C7D53A35A982C1FC84 /* libPods.a */; };
		561385481B12C69B0080E8DA /* AppDelegate.swift in Sources */ = {isa = PBXBuildFile; fileRef = 561385471B12C69B0080E8DA /* AppDelegate.swift */; };
		5613854A1B12C69B0080E8DA /* ViewController.swift in Sources */ = {isa = PBXBuildFile; fileRef = 561385491B12C69B0080E8DA /* ViewController.swift */; };
		5613854D1B12C69B0080E8DA /* Main.storyboard in Resources */ = {isa = PBXBuildFile; fileRef = 5613854B1B12C69B0080E8DA /* Main.storyboard */; };
		5613854F1B12C69B0080E8DA /* Images.xcassets in Resources */ = {isa = PBXBuildFile; fileRef = 5613854E1B12C69B0080E8DA /* Images.xcassets */; };
		561385521B12C69B0080E8DA /* LaunchScreen.xib in Resources */ = {isa = PBXBuildFile; fileRef = 561385501B12C69B0080E8DA /* LaunchScreen.xib */; };
		5613855E1B12C69B0080E8DA /* ReactiveSample1Tests.swift in Sources */ = {isa = PBXBuildFile; fileRef = 5613855D1B12C69B0080E8DA /* ReactiveSample1Tests.swift */; };
/* End PBXBuildFile section */

/* Begin PBXContainerItemProxy section */
		561385581B12C69B0080E8DA /* PBXContainerItemProxy */ = {
			isa = PBXContainerItemProxy;
			containerPortal = 5613853A1B12C69B0080E8DA /* Project object */;
			proxyType = 1;
			remoteGlobalIDString = 561385411B12C69B0080E8DA;
			remoteInfo = ReactiveSample1;
		};
/* End PBXContainerItemProxy section */

/* Begin PBXFileReference section */
		35C09404EDDD54CB42F7E274 /* Pods.debug.xcconfig */ = {isa = PBXFileReference; includeInIndex = 1; lastKnownFileType = text.xcconfig; name = Pods.debug.xcconfig; path = "Pods/Target Support Files/Pods/Pods.debug.xcconfig"; sourceTree = "<group>"; };
		561385421B12C69B0080E8DA /* ReactiveSample1.app */ = {isa = PBXFileReference; explicitFileType = wrapper.application; includeInIndex = 0; path = ReactiveSample1.app; sourceTree = BUILT_PRODUCTS_DIR; };
		561385461B12C69B0080E8DA /* Info.plist */ = {isa = PBXFileReference; lastKnownFileType = text.plist.xml; path = Info.plist; sourceTree = "<group>"; };
		561385471B12C69B0080E8DA /* AppDelegate.swift */ = {isa = PBXFileReference; lastKnownFileType = sourcecode.swift; path = AppDelegate.swift; sourceTree = "<group>"; };
		561385491B12C69B0080E8DA /* ViewController.swift */ = {isa = PBXFileReference; lastKnownFileType = sourcecode.swift; path = ViewController.swift; sourceTree = "<group>"; };
		5613854C1B12C69B0080E8DA /* Base */ = {isa = PBXFileReference; lastKnownFileType = file.storyboard; name = Base; path = Base.lproj/Main.storyboard; sourceTree = "<group>"; };
		5613854E1B12C69B0080E8DA /* Images.xcassets */ = {isa = PBXFileReference; lastKnownFileType = folder.assetcatalog; path = Images.xcassets; sourceTree = "<group>"; };
		561385511B12C69B0080E8DA /* Base */ = {isa = PBXFileReference; lastKnownFileType = file.xib; name = Base; path = Base.lproj/LaunchScreen.xib; sourceTree = "<group>"; };
		561385571B12C69B0080E8DA /* ReactiveSample1Tests.xctest */ = {isa = PBXFileReference; explicitFileType = wrapper.cfbundle; includeInIndex = 0; path = ReactiveSample1Tests.xctest; sourceTree = BUILT_PRODUCTS_DIR; };
		5613855C1B12C69B0080E8DA /* Info.plist */ = {isa = PBXFileReference; lastKnownFileType = text.plist.xml; path = Info.plist; sourceTree = "<group>"; };
		5613855D1B12C69B0080E8DA /* ReactiveSample1Tests.swift */ = {isa = PBXFileReference; lastKnownFileType = sourcecode.swift; path = ReactiveSample1Tests.swift; sourceTree = "<group>"; };
		5883CDC31B137E2D00532AC5 /* ReactiveSample1-Bridging-Header.h */ = {isa = PBXFileReference; lastKnownFileType = sourcecode.c.h; path = "ReactiveSample1-Bridging-Header.h"; sourceTree = "<group>"; };
		6541CEB822AA67EB28E207B5 /* Pods.release.xcconfig */ = {isa = PBXFileReference; includeInIndex = 1; lastKnownFileType = text.xcconfig; name = Pods.release.xcconfig; path = "Pods/Target Support Files/Pods/Pods.release.xcconfig"; sourceTree = "<group>"; };
		983673C7D53A35A982C1FC84 /* libPods.a */ = {isa = PBXFileReference; explicitFileType = archive.ar; includeInIndex = 0; path = libPods.a; sourceTree = BUILT_PRODUCTS_DIR; };
/* End PBXFileReference section */

/* Begin PBXFrameworksBuildPhase section */
		5613853F1B12C69B0080E8DA /* Frameworks */ = {
			isa = PBXFrameworksBuildPhase;
			buildActionMask = 2147483647;
			files = (
				287AD9056EB599F1382AFC1C /* libPods.a in Frameworks */,
			);
			runOnlyForDeploymentPostprocessing = 0;
		};
		561385541B12C69B0080E8DA /* Frameworks */ = {
			isa = PBXFrameworksBuildPhase;
			buildActionMask = 2147483647;
			files = (
			);
			runOnlyForDeploymentPostprocessing = 0;
		};
/* End PBXFrameworksBuildPhase section */

/* Begin PBXGroup section */
		561385391B12C69B0080E8DA = {
			isa = PBXGroup;
			children = (
				561385441B12C69B0080E8DA /* ReactiveSample1 */,
				5613855A1B12C69B0080E8DA /* ReactiveSample1Tests */,
				561385431B12C69B0080E8DA /* Products */,
				D162F2603261DA61E45B883E /* Pods */,
				F267DC3580BD60AAA7AF8092 /* Frameworks */,
			);
			sourceTree = "<group>";
		};
		561385431B12C69B0080E8DA /* Products */ = {
			isa = PBXGroup;
			children = (
				561385421B12C69B0080E8DA /* ReactiveSample1.app */,
				561385571B12C69B0080E8DA /* ReactiveSample1Tests.xctest */,
			);
			name = Products;
			sourceTree = "<group>";
		};
		561385441B12C69B0080E8DA /* ReactiveSample1 */ = {
			isa = PBXGroup;
			children = (
				561385471B12C69B0080E8DA /* AppDelegate.swift */,
				561385491B12C69B0080E8DA /* ViewController.swift */,
				5613854B1B12C69B0080E8DA /* Main.storyboard */,
				5613854E1B12C69B0080E8DA /* Images.xcassets */,
				561385501B12C69B0080E8DA /* LaunchScreen.xib */,
				561385451B12C69B0080E8DA /* Supporting Files */,
				5883CDC31B137E2D00532AC5 /* ReactiveSample1-Bridging-Header.h */,
			);
			path = ReactiveSample1;
			sourceTree = "<group>";
		};
		561385451B12C69B0080E8DA /* Supporting Files */ = {
			isa = PBXGroup;
			children = (
				561385461B12C69B0080E8DA /* Info.plist */,
			);
			name = "Supporting Files";
			sourceTree = "<group>";
		};
		5613855A1B12C69B0080E8DA /* ReactiveSample1Tests */ = {
			isa = PBXGroup;
			children = (
				5613855D1B12C69B0080E8DA /* ReactiveSample1Tests.swift */,
				5613855B1B12C69B0080E8DA /* Supporting Files */,
			);
			path = ReactiveSample1Tests;
			sourceTree = "<group>";
		};
		5613855B1B12C69B0080E8DA /* Supporting Files */ = {
			isa = PBXGroup;
			children = (
				5613855C1B12C69B0080E8DA /* Info.plist */,
			);
			name = "Supporting Files";
			sourceTree = "<group>";
		};
		D162F2603261DA61E45B883E /* Pods */ = {
			isa = PBXGroup;
			children = (
				35C09404EDDD54CB42F7E274 /* Pods.debug.xcconfig */,
				6541CEB822AA67EB28E207B5 /* Pods.release.xcconfig */,
			);
			name = Pods;
			sourceTree = "<group>";
		};
		F267DC3580BD60AAA7AF8092 /* Frameworks */ = {
			isa = PBXGroup;
			children = (
				983673C7D53A35A982C1FC84 /* libPods.a */,
			);
			name = Frameworks;
			sourceTree = "<group>";
		};
/* End PBXGroup section */

/* Begin PBXNativeTarget section */
		561385411B12C69B0080E8DA /* ReactiveSample1 */ = {
			isa = PBXNativeTarget;
			buildConfigurationList = 561385611B12C69B0080E8DA /* Build configuration list for PBXNativeTarget "ReactiveSample1" */;
			buildPhases = (
				44C2485879A8CC616D94727C /* Check Pods Manifest.lock */,
				5613853E1B12C69B0080E8DA /* Sources */,
				5613853F1B12C69B0080E8DA /* Frameworks */,
				561385401B12C69B0080E8DA /* Resources */,
				B98BE8F9B13554C1217C861B /* Copy Pods Resources */,
			);
			buildRules = (
			);
			dependencies = (
			);
			name = ReactiveSample1;
			productName = ReactiveSample1;
			productReference = 561385421B12C69B0080E8DA /* ReactiveSample1.app */;
			productType = "com.apple.product-type.application";
		};
		561385561B12C69B0080E8DA /* ReactiveSample1Tests */ = {
			isa = PBXNativeTarget;
			buildConfigurationList = 561385641B12C69B0080E8DA /* Build configuration list for PBXNativeTarget "ReactiveSample1Tests" */;
			buildPhases = (
				561385531B12C69B0080E8DA /* Sources */,
				561385541B12C69B0080E8DA /* Frameworks */,
				561385551B12C69B0080E8DA /* Resources */,
			);
			buildRules = (
			);
			dependencies = (
				561385591B12C69B0080E8DA /* PBXTargetDependency */,
			);
			name = ReactiveSample1Tests;
			productName = ReactiveSample1Tests;
			productReference = 561385571B12C69B0080E8DA /* ReactiveSample1Tests.xctest */;
			productType = "com.apple.product-type.bundle.unit-test";
		};
/* End PBXNativeTarget section */

/* Begin PBXProject section */
		5613853A1B12C69B0080E8DA /* Project object */ = {
			isa = PBXProject;
			attributes = {
				LastUpgradeCheck = 0630;
				ORGANIZATIONNAME = "平塚 俊輔";
				TargetAttributes = {
					561385411B12C69B0080E8DA = {
						CreatedOnToolsVersion = 6.3.2;
					};
					561385561B12C69B0080E8DA = {
						CreatedOnToolsVersion = 6.3.2;
						TestTargetID = 561385411B12C69B0080E8DA;
					};
				};
			};
			buildConfigurationList = 5613853D1B12C69B0080E8DA /* Build configuration list for PBXProject "ReactiveSample1" */;
			compatibilityVersion = "Xcode 3.2";
			developmentRegion = English;
			hasScannedForEncodings = 0;
			knownRegions = (
				en,
				Base,
			);
			mainGroup = 561385391B12C69B0080E8DA;
			productRefGroup = 561385431B12C69B0080E8DA /* Products */;
			projectDirPath = "";
			projectRoot = "";
			targets = (
				561385411B12C69B0080E8DA /* ReactiveSample1 */,
				561385561B12C69B0080E8DA /* ReactiveSample1Tests */,
			);
		};
/* End PBXProject section */

/* Begin PBXResourcesBuildPhase section */
		561385401B12C69B0080E8DA /* Resources */ = {
			isa = PBXResourcesBuildPhase;
			buildActionMask = 2147483647;
			files = (
				5613854D1B12C69B0080E8DA /* Main.storyboard in Resources */,
				561385521B12C69B0080E8DA /* LaunchScreen.xib in Resources */,
				5613854F1B12C69B0080E8DA /* Images.xcassets in Resources */,
			);
			runOnlyForDeploymentPostprocessing = 0;
		};
		561385551B12C69B0080E8DA /* Resources */ = {
			isa = PBXResourcesBuildPhase;
			buildActionMask = 2147483647;
			files = (
			);
			runOnlyForDeploymentPostprocessing = 0;
		};
/* End PBXResourcesBuildPhase section */

/* Begin PBXShellScriptBuildPhase section */
		44C2485879A8CC616D94727C /* Check Pods Manifest.lock */ = {
			isa = PBXShellScriptBuildPhase;
			buildActionMask = 2147483647;
			files = (
			);
			inputPaths = (
			);
			name = "Check Pods Manifest.lock";
			outputPaths = (
			);
			runOnlyForDeploymentPostprocessing = 0;
			shellPath = /bin/sh;
			shellScript = "diff \"${PODS_ROOT}/../Podfile.lock\" \"${PODS_ROOT}/Manifest.lock\" > /dev/null\nif [[ $? != 0 ]] ; then\n    cat << EOM\nerror: The sandbox is not in sync with the Podfile.lock. Run 'pod install' or update your CocoaPods installation.\nEOM\n    exit 1\nfi\n";
			showEnvVarsInLog = 0;
		};
		B98BE8F9B13554C1217C861B /* Copy Pods Resources */ = {
			isa = PBXShellScriptBuildPhase;
			buildActionMask = 2147483647;
			files = (
			);
			inputPaths = (
			);
			name = "Copy Pods Resources";
			outputPaths = (
			);
			runOnlyForDeploymentPostprocessing = 0;
			shellPath = /bin/sh;
			shellScript = "\"${SRCROOT}/Pods/Target Support Files/Pods/Pods-resources.sh\"\n";
			showEnvVarsInLog = 0;
		};
/* End PBXShellScriptBuildPhase section */

/* Begin PBXSourcesBuildPhase section */
		5613853E1B12C69B0080E8DA /* Sources */ = {
			isa = PBXSourcesBuildPhase;
			buildActionMask = 2147483647;
			files = (
				5613854A1B12C69B0080E8DA /* ViewController.swift in Sources */,
				561385481B12C69B0080E8DA /* AppDelegate.swift in Sources */,
			);
			runOnlyForDeploymentPostprocessing = 0;
		};
		561385531B12C69B0080E8DA /* Sources */ = {
			isa = PBXSourcesBuildPhase;
			buildActionMask = 2147483647;
			files = (
				5613855E1B12C69B0080E8DA /* ReactiveSample1Tests.swift in Sources */,
			);
			runOnlyForDeploymentPostprocessing = 0;
		};
/* End PBXSourcesBuildPhase section */

/* Begin PBXTargetDependency section */
		561385591B12C69B0080E8DA /* PBXTargetDependency */ = {
			isa = PBXTargetDependency;
			target = 561385411B12C69B0080E8DA /* ReactiveSample1 */;
			targetProxy = 561385581B12C69B0080E8DA /* PBXContainerItemProxy */;
		};
/* End PBXTargetDependency section */

/* Begin PBXVariantGroup section */
		5613854B1B12C69B0080E8DA /* Main.storyboard */ = {
			isa = PBXVariantGroup;
			children = (
				5613854C1B12C69B0080E8DA /* Base */,
			);
			name = Main.storyboard;
			sourceTree = "<group>";
		};
		561385501B12C69B0080E8DA /* LaunchScreen.xib */ = {
			isa = PBXVariantGroup;
			children = (
				561385511B12C69B0080E8DA /* Base */,
			);
			name = LaunchScreen.xib;
			sourceTree = "<group>";
		};
/* End PBXVariantGroup section */

/* Begin XCBuildConfiguration section */
		5613855F1B12C69B0080E8DA /* Debug */ = {
			isa = XCBuildConfiguration;
			buildSettings = {
				ALWAYS_SEARCH_USER_PATHS = NO;
				CLANG_CXX_LANGUAGE_STANDARD = "gnu++0x";
				CLANG_CXX_LIBRARY = "libc++";
				CLANG_ENABLE_MODULES = YES;
				CLANG_ENABLE_OBJC_ARC = YES;
				CLANG_WARN_BOOL_CONVERSION = YES;
				CLANG_WARN_CONSTANT_CONVERSION = YES;
				CLANG_WARN_DIRECT_OBJC_ISA_USAGE = YES_ERROR;
				CLANG_WARN_EMPTY_BODY = YES;
				CLANG_WARN_ENUM_CONVERSION = YES;
				CLANG_WARN_INT_CONVERSION = YES;
				CLANG_WARN_OBJC_ROOT_CLASS = YES_ERROR;
				CLANG_WARN_UNREACHABLE_CODE = YES;
				CLANG_WARN__DUPLICATE_METHOD_MATCH = YES;
				"CODE_SIGN_IDENTITY[sdk=iphoneos*]" = "iPhone Developer";
				COPY_PHASE_STRIP = NO;
				DEBUG_INFORMATION_FORMAT = "dwarf-with-dsym";
				ENABLE_STRICT_OBJC_MSGSEND = YES;
				GCC_C_LANGUAGE_STANDARD = gnu99;
				GCC_DYNAMIC_NO_PIC = NO;
				GCC_NO_COMMON_BLOCKS = YES;
				GCC_OPTIMIZATION_LEVEL = 0;
				GCC_PREPROCESSOR_DEFINITIONS = (
					"DEBUG=1",
					"$(inherited)",
				);
				GCC_SYMBOLS_PRIVATE_EXTERN = NO;
				GCC_WARN_64_TO_32_BIT_CONVERSION = YES;
				GCC_WARN_ABOUT_RETURN_TYPE = YES_ERROR;
				GCC_WARN_UNDECLARED_SELECTOR = YES;
				GCC_WARN_UNINITIALIZED_AUTOS = YES_AGGRESSIVE;
				GCC_WARN_UNUSED_FUNCTION = YES;
				GCC_WARN_UNUSED_VARIABLE = YES;
				IPHONEOS_DEPLOYMENT_TARGET = 8.3;
				MTL_ENABLE_DEBUG_INFO = YES;
				ONLY_ACTIVE_ARCH = YES;
				SDKROOT = iphoneos;
				SWIFT_OPTIMIZATION_LEVEL = "-Onone";
			};
			name = Debug;
		};
		561385601B12C69B0080E8DA /* Release */ = {
			isa = XCBuildConfiguration;
			buildSettings = {
				ALWAYS_SEARCH_USER_PATHS = NO;
				CLANG_CXX_LANGUAGE_STANDARD = "gnu++0x";
				CLANG_CXX_LIBRARY = "libc++";
				CLANG_ENABLE_MODULES = YES;
				CLANG_ENABLE_OBJC_ARC = YES;
				CLANG_WARN_BOOL_CONVERSION = YES;
				CLANG_WARN_CONSTANT_CONVERSION = YES;
				CLANG_WARN_DIRECT_OBJC_ISA_USAGE = YES_ERROR;
				CLANG_WARN_EMPTY_BODY = YES;
				CLANG_WARN_ENUM_CONVERSION = YES;
				CLANG_WARN_INT_CONVERSION = YES;
				CLANG_WARN_OBJC_ROOT_CLASS = YES_ERROR;
				CLANG_WARN_UNREACHABLE_CODE = YES;
				CLANG_WARN__DUPLICATE_METHOD_MATCH = YES;
				"CODE_SIGN_IDENTITY[sdk=iphoneos*]" = "iPhone Developer";
				COPY_PHASE_STRIP = NO;
				DEBUG_INFORMATION_FORMAT = "dwarf-with-dsym";
				ENABLE_NS_ASSERTIONS = NO;
				ENABLE_STRICT_OBJC_MSGSEND = YES;
				GCC_C_LANGUAGE_STANDARD = gnu99;
				GCC_NO_COMMON_BLOCKS = YES;
				GCC_WARN_64_TO_32_BIT_CONVERSION = YES;
				GCC_WARN_ABOUT_RETURN_TYPE = YES_ERROR;
				GCC_WARN_UNDECLARED_SELECTOR = YES;
				GCC_WARN_UNINITIALIZED_AUTOS = YES_AGGRESSIVE;
				GCC_WARN_UNUSED_FUNCTION = YES;
				GCC_WARN_UNUSED_VARIABLE = YES;
				IPHONEOS_DEPLOYMENT_TARGET = 8.3;
				MTL_ENABLE_DEBUG_INFO = NO;
				SDKROOT = iphoneos;
				VALIDATE_PRODUCT = YES;
			};
			name = Release;
		};
		561385621B12C69B0080E8DA /* Debug */ = {
			isa = XCBuildConfiguration;
			baseConfigurationReference = 35C09404EDDD54CB42F7E274 /* Pods.debug.xcconfig */;
			buildSettings = {
				ASSETCATALOG_COMPILER_APPICON_NAME = AppIcon;
				INFOPLIST_FILE = ReactiveSample1/Info.plist;
				LD_RUNPATH_SEARCH_PATHS = "$(inherited) @executable_path/Frameworks";
				PRODUCT_NAME = "$(TARGET_NAME)";
				SWIFT_OBJC_BRIDGING_HEADER = "$(SRCROOT)/ReactiveSample1/ReactiveSample1-Bridging-Header.h";
			};
			name = Debug;
		};
		561385631B12C69B0080E8DA /* Release */ = {
			isa = XCBuildConfiguration;
			baseConfigurationReference = 6541CEB822AA67EB28E207B5 /* Pods.release.xcconfig */;
			buildSettings = {
				ASSETCATALOG_COMPILER_APPICON_NAME = AppIcon;
				INFOPLIST_FILE = ReactiveSample1/Info.plist;
				LD_RUNPATH_SEARCH_PATHS = "$(inherited) @executable_path/Frameworks";
				PRODUCT_NAME = "$(TARGET_NAME)";
				SWIFT_OBJC_BRIDGING_HEADER = "$(SRCROOT)/ReactiveSample1/ReactiveSample1-Bridging-Header.h";
			};
			name = Release;
		};
		561385651B12C69B0080E8DA /* Debug */ = {
			isa = XCBuildConfiguration;
			buildSettings = {
				BUNDLE_LOADER = "$(TEST_HOST)";
				FRAMEWORK_SEARCH_PATHS = (
					"$(SDKROOT)/Developer/Library/Frameworks",
					"$(inherited)",
				);
				GCC_PREPROCESSOR_DEFINITIONS = (
					"DEBUG=1",
					"$(inherited)",
				);
				INFOPLIST_FILE = ReactiveSample1Tests/Info.plist;
				LD_RUNPATH_SEARCH_PATHS = "$(inherited) @executable_path/Frameworks @loader_path/Frameworks";
				PRODUCT_NAME = "$(TARGET_NAME)";
				TEST_HOST = "$(BUILT_PRODUCTS_DIR)/ReactiveSample1.app/ReactiveSample1";
			};
			name = Debug;
		};
		561385661B12C69B0080E8DA /* Release */ = {
			isa = XCBuildConfiguration;
			buildSettings = {
				BUNDLE_LOADER = "$(TEST_HOST)";
				FRAMEWORK_SEARCH_PATHS = (
					"$(SDKROOT)/Developer/Library/Frameworks",
					"$(inherited)",
				);
				INFOPLIST_FILE = ReactiveSample1Tests/Info.plist;
				LD_RUNPATH_SEARCH_PATHS = "$(inherited) @executable_path/Frameworks @loader_path/Frameworks";
				PRODUCT_NAME = "$(TARGET_NAME)";
				TEST_HOST = "$(BUILT_PRODUCTS_DIR)/ReactiveSample1.app/ReactiveSample1";
			};
			name = Release;
		};
/* End XCBuildConfiguration section */

/* Begin XCConfigurationList section */
		5613853D1B12C69B0080E8DA /* Build configuration list for PBXProject "ReactiveSample1" */ = {
			isa = XCConfigurationList;
			buildConfigurations = (
				5613855F1B12C69B0080E8DA /* Debug */,
				561385601B12C69B0080E8DA /* Release */,
			);
			defaultConfigurationIsVisible = 0;
			defaultConfigurationName = Release;
		};
		561385611B12C69B0080E8DA /* Build configuration list for PBXNativeTarget "ReactiveSample1" */ = {
			isa = XCConfigurationList;
			buildConfigurations = (
				561385621B12C69B0080E8DA /* Debug */,
				561385631B12C69B0080E8DA /* Release */,
			);
			defaultConfigurationIsVisible = 0;
			defaultConfigurationName = Release;
		};
		561385641B12C69B0080E8DA /* Build configuration list for PBXNativeTarget "ReactiveSample1Tests" */ = {
			isa = XCConfigurationList;
			buildConfigurations = (
				561385651B12C69B0080E8DA /* Debug */,
				561385661B12C69B0080E8DA /* Release */,
			);
			defaultConfigurationIsVisible = 0;
			defaultConfigurationName = Release;
		};
/* End XCConfigurationList section */
	};
	rootObject = 5613853A1B12C69B0080E8DA /* Project object */;
}
